
Microsoft Visual Studio Solution File, Format Version 12.00
# Visual Studio 2012
Project("{FAE04EC0-301F-11D3-BF4B-00C04F79EFBC}") = "point_of_interest", "point_of_interest\point_of_interest.csproj", "{EF838891-CFD6-4764-83C8-8EB23F7CBDE6}"
EndProject
Global
	GlobalSection(SolutionConfigurationPlatforms) = preSolution
		Debug|Any CPU = Debug|Any CPU
		Release|Any CPU = Release|Any CPU
	EndGlobalSection
	GlobalSection(ProjectConfigurationPlatforms) = postSolution
		{EF838891-CFD6-4764-83C8-8EB23F7CBDE6}.Debug|Any CPU.ActiveCfg = Debug|Any CPU
		{EF838891-CFD6-4764-83C8-8EB23F7CBDE6}.Debug|Any CPU.Build.0 = Debug|Any CPU
		{EF838891-CFD6-4764-83C8-8EB23F7CBDE6}.Release|Any CPU.ActiveCfg = Release|Any CPU
		{EF838891-CFD6-4764-83C8-8EB23F7CBDE6}.Release|Any CPU.Build.0 = Release|Any CPU
	EndGlobalSection
	GlobalSection(MonoDevelopProperties) = preSolution
		StartupItem = point_of_interest\point_of_interest.csproj
	EndGlobalSection
EndGlobal
